<?xml version="1.0" encoding="utf-8"?>
<Project ToolsVersion="4.0" xmlns="http://schemas.microsoft.com/developer/msbuild/2003">
  <ItemGroup>
    <Filter Include="Header Files">
      <UniqueIdentifier>{5587fe98-632a-468f-b700-20a38d6c847e}</UniqueIdentifier>
    </Filter>
    <Filter Include="Source Files">
      <UniqueIdentifier>{2ad8abc2-0638-400e-802c-2e64660faffc}</UniqueIdentifier>
    </Filter>
  </ItemGroup>
  <ItemGroup>
    <ClInclude Include="calc_sums.h">
      <Filter>Header Files</Filter>
    </ClInclude>
    <ClInclude Include="common_func.h">
      <Filter>Header Files</Filter>
    </ClInclude>
    <ClInclude Include="dirent.h">
      <Filter>Header Files</Filter>
    </ClInclude>
    <ClInclude Include="file_mask.h">
      <Filter>Header Files</Filter>
    </ClInclude>
    <ClInclude Include="file_set.h">
      <Filter>Header Files</Filter>
    </ClInclude>
    <ClInclude Include="find_file.h">
      <Filter>Header Files</Filter>
    </ClInclude>
    <ClInclude Include="hash_check.h">
      <Filter>Header Files</Filter>
    </ClInclude>
    <ClInclude Include="hash_print.h">
      <Filter>Header Files</Filter>
    </ClInclude>
    <ClInclude Include="hash_update.h">
      <Filter>Header Files</Filter>
    </ClInclude>
    <ClInclude Include="output.h">
      <Filter>Header Files</Filter>
    </ClInclude>
    <ClInclude Include="parse_cmdline.h">
      <Filter>Header Files</Filter>
    </ClInclude>
    <ClInclude Include="rhash_main.h">
      <Filter>Header Files</Filter>
    </ClInclude>
    <ClInclude Include="stdint.h">
      <Filter>Header Files</Filter>
    </ClInclude>
    <ClInclude Include="version.h">
      <Filter>Header Files</Filter>
    </ClInclude>
    <ClInclude Include="win_utils.h">
      <Filter>Header Files</Filter>
    </ClInclude>
  </ItemGroup>
  <ItemGroup>
    <ClCompile Include="calc_sums.c">
      <Filter>Source Files</Filter>
    </ClCompile>
    <ClCompile Include="common_func.c">
      <Filter>Source Files</Filter>
    </ClCompile>
    <ClCompile Include="file_mask.c">
      <Filter>Source Files</Filter>
    </ClCompile>
    <ClCompile Include="file_set.c">
      <Filter>Source Files</Filter>
    </ClCompile>
    <ClCompile Include="find_file.c">
      <Filter>Source Files</Filter>
    </ClCompile>
    <ClCompile Include="hash_check.c">
      <Filter>Source Files</Filter>
    </ClCompile>
    <ClCompile Include="hash_print.c">
      <Filter>Source Files</Filter>
    </ClCompile>
    <ClCompile Include="hash_update.c">
      <Filter>Source Files</Filter>
    </ClCompile>
    <ClCompile Include="output.c">
      <Filter>Source Files</Filter>
    </ClCompile>
    <ClCompile Include="parse_cmdline.c">
      <Filter>Source Files</Filter>
    </ClCompile>
    <ClCompile Include="rhash_main.c">
      <Filter>Source Files</Filter>
    </ClCompile>
    <ClCompile Include="win_utils.c">
      <Filter>Source Files</Filter>
    </ClCompile>
  </ItemGroup>
</Project>